{
  "nodes": {
    "nixpkgs": {
      "locked": {
        "lastModified": 1678761643,
        "narHash": "sha256-tapXZvg6Kg5Fm7Fm6i+7cRC5Exp2lX7cgMrqsfrGhuc=",
        "owner": "NixOS",
        "repo": "nixpkgs",
        "rev": "c4aec3c021620d98861639946123214207e98344",
        "type": "github"
      },
      "original": {
        "owner": "NixOS",
        "ref": "nixos-22.11",
        "repo": "nixpkgs",
        "type": "github"
      }
    },
    "root": {
      "inputs": {
        "nixpkgs": "nixpkgs"
      }
    }
  },
  "root": "root",
  "version": 7
}
